{
  "name": "amsimplenode",
  "version": "1.0.0",
  "lockfileVersion": 3,
  "requires": true,
  "packages": {
    "": {
      "name": "amsimplenode",
      "version": "1.0.0",
      "license": "MIT",
      "dependencies": {
        "my-node-fp": "^0.10.3"
      }
    },
    "node_modules/my-easy-fp": {
      "version": "0.22.0",
      "resolved": "https://registry.npmjs.org/my-easy-fp/-/my-easy-fp-0.22.0.tgz",
      "integrity": "sha512-fWM/HrbfUiBt8GcwMXad5r8s2urQezRqNiaa5GispeXGKptpaz5m+NUwBazkow5oxktZGWyQj1bSx40xtq00zg==",
      "engines": {
        "node": ">=16"
      }
    },
    "node_modules/my-node-fp": {
      "version": "0.10.3",
      "resolved": "https://registry.npmjs.org/my-node-fp/-/my-node-fp-0.10.3.tgz",
      "integrity": "sha512-LXTord8vAfBCP4nX1Ct/d7jXuWxeiFvDwmX+HCiLHIoNhzxg7CaippiPZV8MQ/nfX9pXSf6jpJLr/fs5QHjwKw==",
      "dependencies": {
        "my-easy-fp": "^0.22.0"
      }
    }
  }
}
